{
  "name": "@stepsas/http",
  "version": "0.0.2",
  "lockfileVersion": 1,
  "requires": true,
  "dependencies": {
    "@stepsas/core": {
      "version": "0.1.5",
      "resolved": "https://registry.npmjs.org/@stepsas/core/-/core-0.1.5.tgz",
      "integrity": "sha512-YCapXM6VBvBv1dYbySm4peR55HhNiaBYpRq1ZoCojRTdQpG5M+eGqBFNDbRuCGPy6HQ08HPRaF/LeRDdxV49xA=="
    },
    "typescript": {
      "version": "3.6.4",
      "resolved": "https://registry.npmjs.org/typescript/-/typescript-3.6.4.tgz",
      "integrity": "sha512-unoCll1+l+YK4i4F8f22TaNVPRHcD9PA3yCuZ8g5e0qGqlVlJ/8FSateOLLSagn+Yg5+ZwuPkL8LFUc0Jcvksg==",
      "dev": true
    }
  }
}
